
Microsoft Visual Studio Solution File, Format Version 12.00
# Visual Studio 2013
VisualStudioVersion = 12.0.21005.1
MinimumVisualStudioVersion = 10.0.40219.1
Project("{FAE04EC0-301F-11D3-BF4B-00C04F79EFBC}") = "ConsoleApplication1", "ConsoleApplication1\ConsoleApplication1.csproj", "{72F51525-FF26-43B3-9EB4-282EF28164A2}"
EndProject
Project("{FAE04EC0-301F-11D3-BF4B-00C04F79EFBC}") = "UnitTestProject1", "UnitTestProject1\UnitTestProject1.csproj", "{C2FCE33A-2CB2-4979-8C6D-F56EDD577A54}"
EndProject
Global
	GlobalSection(SolutionConfigurationPlatforms) = preSolution
		Debug|Any CPU = Debug|Any CPU
		Release|Any CPU = Release|Any CPU
	EndGlobalSection
	GlobalSection(ProjectConfigurationPlatforms) = postSolution
		{72F51525-FF26-43B3-9EB4-282EF28164A2}.Debug|Any CPU.ActiveCfg = Debug|Any CPU
		{72F51525-FF26-43B3-9EB4-282EF28164A2}.Debug|Any CPU.Build.0 = Debug|Any CPU
		{72F51525-FF26-43B3-9EB4-282EF28164A2}.Release|Any CPU.ActiveCfg = Release|Any CPU
		{72F51525-FF26-43B3-9EB4-282EF28164A2}.Release|Any CPU.Build.0 = Release|Any CPU
		{C2FCE33A-2CB2-4979-8C6D-F56EDD577A54}.Debug|Any CPU.ActiveCfg = Debug|Any CPU
		{C2FCE33A-2CB2-4979-8C6D-F56EDD577A54}.Debug|Any CPU.Build.0 = Debug|Any CPU
		{C2FCE33A-2CB2-4979-8C6D-F56EDD577A54}.Release|Any CPU.ActiveCfg = Release|Any CPU
		{C2FCE33A-2CB2-4979-8C6D-F56EDD577A54}.Release|Any CPU.Build.0 = Release|Any CPU
	EndGlobalSection
	GlobalSection(SolutionProperties) = preSolution
		HideSolutionNode = FALSE
	EndGlobalSection
EndGlobal
